// !$*UTF8*$!
{
	archiveVersion = 1;
	classes = {
	};
	objectVersion = 56;
	objects = {

/* Begin PBXBuildFile section */
		AD06CFD129B9D2060045CC78 /* NewExpense.swift in Sources */ = {isa = PBXBuildFile; fileRef = AD06CFD029B9D2060045CC78 /* NewExpense.swift */; };
		AD38849F29B97B3D008C6677 /* ExpenseManagementApp.swift in Sources */ = {isa = PBXBuildFile; fileRef = AD38849E29B97B3D008C6677 /* ExpenseManagementApp.swift */; };
		AD3884A129B97B3D008C6677 /* ContentView.swift in Sources */ = {isa = PBXBuildFile; fileRef = AD3884A029B97B3D008C6677 /* ContentView.swift */; };
		AD3884A329B97B3F008C6677 /* Assets.xcassets in Resources */ = {isa = PBXBuildFile; fileRef = AD3884A229B97B3F008C6677 /* Assets.xcassets */; };
		AD3884A629B97B3F008C6677 /* Preview Assets.xcassets in Resources */ = {isa = PBXBuildFile; fileRef = AD3884A529B97B3F008C6677 /* Preview Assets.xcassets */; };
		AD3884B029B97B3F008C6677 /* ExpenseManagementTests.swift in Sources */ = {isa = PBXBuildFile; fileRef = AD3884AF29B97B3F008C6677 /* ExpenseManagementTests.swift */; };
		AD3884BA29B97B3F008C6677 /* ExpenseManagementUITests.swift in Sources */ = {isa = PBXBuildFile; fileRef = AD3884B929B97B3F008C6677 /* ExpenseManagementUITests.swift */; };
		AD3884BC29B97B3F008C6677 /* ExpenseManagementUITestsLaunchTests.swift in Sources */ = {isa = PBXBuildFile; fileRef = AD3884BB29B97B3F008C6677 /* ExpenseManagementUITestsLaunchTests.swift */; };
		AD3884CC29B97F3A008C6677 /* Home.swift in Sources */ = {isa = PBXBuildFile; fileRef = AD3884CB29B97F3A008C6677 /* Home.swift */; };
		AD3884CE29B97FF4008C6677 /* Expense.swift in Sources */ = {isa = PBXBuildFile; fileRef = AD3884CD29B97FF4008C6677 /* Expense.swift */; };
		AD3884D029B98247008C6677 /* ExpenseViewModel.swift in Sources */ = {isa = PBXBuildFile; fileRef = AD3884CF29B98247008C6677 /* ExpenseViewModel.swift */; };
		AD3884D229B99BA7008C6677 /* TransactionCardView.swift in Sources */ = {isa = PBXBuildFile; fileRef = AD3884D129B99BA7008C6677 /* TransactionCardView.swift */; };
		AD3884D429B9A2C4008C6677 /* FilteredDetailView.swift in Sources */ = {isa = PBXBuildFile; fileRef = AD3884D329B9A2C4008C6677 /* FilteredDetailView.swift */; };
		ADF2BC6F29B9B11300AB5391 /* ExpenseCard.swift in Sources */ = {isa = PBXBuildFile; fileRef = ADF2BC6E29B9B11300AB5391 /* ExpenseCard.swift */; };
/* End PBXBuildFile section */

/* Begin PBXContainerItemProxy section */
		AD3884AC29B97B3F008C6677 /* PBXContainerItemProxy */ = {
			isa = PBXContainerItemProxy;
			containerPortal = AD38849329B97B3D008C6677 /* Project object */;
			proxyType = 1;
			remoteGlobalIDString = AD38849A29B97B3D008C6677;
			remoteInfo = ExpenseManagement;
		};
		AD3884B629B97B3F008C6677 /* PBXContainerItemProxy */ = {
			isa = PBXContainerItemProxy;
			containerPortal = AD38849329B97B3D008C6677 /* Project object */;
			proxyType = 1;
			remoteGlobalIDString = AD38849A29B97B3D008C6677;
			remoteInfo = ExpenseManagement;
		};
/* End PBXContainerItemProxy section */

/* Begin PBXFileReference section */
		AD06CFD029B9D2060045CC78 /* NewExpense.swift */ = {isa = PBXFileReference; lastKnownFileType = sourcecode.swift; path = NewExpense.swift; sourceTree = "<group>"; };
		AD38849B29B97B3D008C6677 /* ExpenseManagement.app */ = {isa = PBXFileReference; explicitFileType = wrapper.application; includeInIndex = 0; path = ExpenseManagement.app; sourceTree = BUILT_PRODUCTS_DIR; };
		AD38849E29B97B3D008C6677 /* ExpenseManagementApp.swift */ = {isa = PBXFileReference; lastKnownFileType = sourcecode.swift; path = ExpenseManagementApp.swift; sourceTree = "<group>"; };
		AD3884A029B97B3D008C6677 /* ContentView.swift */ = {isa = PBXFileReference; lastKnownFileType = sourcecode.swift; path = ContentView.swift; sourceTree = "<group>"; };
		AD3884A229B97B3F008C6677 /* Assets.xcassets */ = {isa = PBXFileReference; lastKnownFileType = folder.assetcatalog; path = Assets.xcassets; sourceTree = "<group>"; };
		AD3884A529B97B3F008C6677 /* Preview Assets.xcassets */ = {isa = PBXFileReference; lastKnownFileType = folder.assetcatalog; path = "Preview Assets.xcassets"; sourceTree = "<group>"; };
		AD3884AB29B97B3F008C6677 /* ExpenseManagementTests.xctest */ = {isa = PBXFileReference; explicitFileType = wrapper.cfbundle; includeInIndex = 0; path = ExpenseManagementTests.xctest; sourceTree = BUILT_PRODUCTS_DIR; };
		AD3884AF29B97B3F008C6677 /* ExpenseManagementTests.swift */ = {isa = PBXFileReference; lastKnownFileType = sourcecode.swift; path = ExpenseManagementTests.swift; sourceTree = "<group>"; };
		AD3884B529B97B3F008C6677 /* ExpenseManagementUITests.xctest */ = {isa = PBXFileReference; explicitFileType = wrapper.cfbundle; includeInIndex = 0; path = ExpenseManagementUITests.xctest; sourceTree = BUILT_PRODUCTS_DIR; };
		AD3884B929B97B3F008C6677 /* ExpenseManagementUITests.swift */ = {isa = PBXFileReference; lastKnownFileType = sourcecode.swift; path = ExpenseManagementUITests.swift; sourceTree = "<group>"; };
		AD3884BB29B97B3F008C6677 /* ExpenseManagementUITestsLaunchTests.swift */ = {isa = PBXFileReference; lastKnownFileType = sourcecode.swift; path = ExpenseManagementUITestsLaunchTests.swift; sourceTree = "<group>"; };
		AD3884CB29B97F3A008C6677 /* Home.swift */ = {isa = PBXFileReference; lastKnownFileType = sourcecode.swift; path = Home.swift; sourceTree = "<group>"; };
		AD3884CD29B97FF4008C6677 /* Expense.swift */ = {isa = PBXFileReference; lastKnownFileType = sourcecode.swift; path = Expense.swift; sourceTree = "<group>"; };
		AD3884CF29B98247008C6677 /* ExpenseViewModel.swift */ = {isa = PBXFileReference; lastKnownFileType = sourcecode.swift; path = ExpenseViewModel.swift; sourceTree = "<group>"; };
		AD3884D129B99BA7008C6677 /* TransactionCardView.swift */ = {isa = PBXFileReference; lastKnownFileType = sourcecode.swift; path = TransactionCardView.swift; sourceTree = "<group>"; };
		AD3884D329B9A2C4008C6677 /* FilteredDetailView.swift */ = {isa = PBXFileReference; lastKnownFileType = sourcecode.swift; path = FilteredDetailView.swift; sourceTree = "<group>"; };
		ADF2BC6E29B9B11300AB5391 /* ExpenseCard.swift */ = {isa = PBXFileReference; lastKnownFileType = sourcecode.swift; path = ExpenseCard.swift; sourceTree = "<group>"; };
/* End PBXFileReference section */

/* Begin PBXFrameworksBuildPhase section */
		AD38849829B97B3D008C6677 /* Frameworks */ = {
			isa = PBXFrameworksBuildPhase;
			buildActionMask = 2147483647;
			files = (
			);
			runOnlyForDeploymentPostprocessing = 0;
		};
		AD3884A829B97B3F008C6677 /* Frameworks */ = {
			isa = PBXFrameworksBuildPhase;
			buildActionMask = 2147483647;
			files = (
			);
			runOnlyForDeploymentPostprocessing = 0;
		};
		AD3884B229B97B3F008C6677 /* Frameworks */ = {
			isa = PBXFrameworksBuildPhase;
			buildActionMask = 2147483647;
			files = (
			);
			runOnlyForDeploymentPostprocessing = 0;
		};
/* End PBXFrameworksBuildPhase section */

/* Begin PBXGroup section */
		AD38849229B97B3D008C6677 = {
			isa = PBXGroup;
			children = (
				AD38849D29B97B3D008C6677 /* ExpenseManagement */,
				AD3884AE29B97B3F008C6677 /* ExpenseManagementTests */,
				AD3884B829B97B3F008C6677 /* ExpenseManagementUITests */,
				AD38849C29B97B3D008C6677 /* Products */,
			);
			sourceTree = "<group>";
		};
		AD38849C29B97B3D008C6677 /* Products */ = {
			isa = PBXGroup;
			children = (
				AD38849B29B97B3D008C6677 /* ExpenseManagement.app */,
				AD3884AB29B97B3F008C6677 /* ExpenseManagementTests.xctest */,
				AD3884B529B97B3F008C6677 /* ExpenseManagementUITests.xctest */,
			);
			name = Products;
			sourceTree = "<group>";
		};
		AD38849D29B97B3D008C6677 /* ExpenseManagement */ = {
			isa = PBXGroup;
			children = (
				AD3884CA29B97F17008C6677 /* ViewModel */,
				AD3884C929B97F0E008C6677 /* Model */,
				AD3884C829B97EFF008C6677 /* View */,
				AD38849E29B97B3D008C6677 /* ExpenseManagementApp.swift */,
				AD3884A029B97B3D008C6677 /* ContentView.swift */,
				AD3884A229B97B3F008C6677 /* Assets.xcassets */,
				AD3884A429B97B3F008C6677 /* Preview Content */,
			);
			path = ExpenseManagement;
			sourceTree = "<group>";
		};
		AD3884A429B97B3F008C6677 /* Preview Content */ = {
			isa = PBXGroup;
			children = (
				AD3884A529B97B3F008C6677 /* Preview Assets.xcassets */,
			);
			path = "Preview Content";
			sourceTree = "<group>";
		};
		AD3884AE29B97B3F008C6677 /* ExpenseManagementTests */ = {
			isa = PBXGroup;
			children = (
				AD3884AF29B97B3F008C6677 /* ExpenseManagementTests.swift */,
			);
			path = ExpenseManagementTests;
			sourceTree = "<group>";
		};
		AD3884B829B97B3F008C6677 /* ExpenseManagementUITests */ = {
			isa = PBXGroup;
			children = (
				AD3884B929B97B3F008C6677 /* ExpenseManagementUITests.swift */,
				AD3884BB29B97B3F008C6677 /* ExpenseManagementUITestsLaunchTests.swift */,
			);
			path = ExpenseManagementUITests;
			sourceTree = "<group>";
		};
		AD3884C829B97EFF008C6677 /* View */ = {
			isa = PBXGroup;
			children = (
				AD3884CB29B97F3A008C6677 /* Home.swift */,
				AD3884D129B99BA7008C6677 /* TransactionCardView.swift */,
				AD3884D329B9A2C4008C6677 /* FilteredDetailView.swift */,
				ADF2BC6E29B9B11300AB5391 /* ExpenseCard.swift */,
				AD06CFD029B9D2060045CC78 /* NewExpense.swift */,
			);
			path = View;
			sourceTree = "<group>";
		};
		AD3884C929B97F0E008C6677 /* Model */ = {
			isa = PBXGroup;
			children = (
				AD3884CD29B97FF4008C6677 /* Expense.swift */,
			);
			path = Model;
			sourceTree = "<group>";
		};
		AD3884CA29B97F17008C6677 /* ViewModel */ = {
			isa = PBXGroup;
			children = (
				AD3884CF29B98247008C6677 /* ExpenseViewModel.swift */,
			);
			path = ViewModel;
			sourceTree = "<group>";
		};
/* End PBXGroup section */

/* Begin PBXNativeTarget section */
		AD38849A29B97B3D008C6677 /* ExpenseManagement */ = {
			isa = PBXNativeTarget;
			buildConfigurationList = AD3884BF29B97B3F008C6677 /* Build configuration list for PBXNativeTarget "ExpenseManagement" */;
			buildPhases = (
				AD38849729B97B3D008C6677 /* Sources */,
				AD38849829B97B3D008C6677 /* Frameworks */,
				AD38849929B97B3D008C6677 /* Resources */,
			);
			buildRules = (
			);
			dependencies = (
			);
			name = ExpenseManagement;
			productName = ExpenseManagement;
			productReference = AD38849B29B97B3D008C6677 /* ExpenseManagement.app */;
			productType = "com.apple.product-type.application";
		};
		AD3884AA29B97B3F008C6677 /* ExpenseManagementTests */ = {
			isa = PBXNativeTarget;
			buildConfigurationList = AD3884C229B97B3F008C6677 /* Build configuration list for PBXNativeTarget "ExpenseManagementTests" */;
			buildPhases = (
				AD3884A729B97B3F008C6677 /* Sources */,
				AD3884A829B97B3F008C6677 /* Frameworks */,
				AD3884A929B97B3F008C6677 /* Resources */,
			);
			buildRules = (
			);
			dependencies = (
				AD3884AD29B97B3F008C6677 /* PBXTargetDependency */,
			);
			name = ExpenseManagementTests;
			productName = ExpenseManagementTests;
			productReference = AD3884AB29B97B3F008C6677 /* ExpenseManagementTests.xctest */;
			productType = "com.apple.product-type.bundle.unit-test";
		};
		AD3884B429B97B3F008C6677 /* ExpenseManagementUITests */ = {
			isa = PBXNativeTarget;
			buildConfigurationList = AD3884C529B97B3F008C6677 /* Build configuration list for PBXNativeTarget "ExpenseManagementUITests" */;
			buildPhases = (
				AD3884B129B97B3F008C6677 /* Sources */,
				AD3884B229B97B3F008C6677 /* Frameworks */,
				AD3884B329B97B3F008C6677 /* Resources */,
			);
			buildRules = (
			);
			dependencies = (
				AD3884B729B97B3F008C6677 /* PBXTargetDependency */,
			);
			name = ExpenseManagementUITests;
			productName = ExpenseManagementUITests;
			productReference = AD3884B529B97B3F008C6677 /* ExpenseManagementUITests.xctest */;
			productType = "com.apple.product-type.bundle.ui-testing";
		};
/* End PBXNativeTarget section */

/* Begin PBXProject section */
		AD38849329B97B3D008C6677 /* Project object */ = {
			isa = PBXProject;
			attributes = {
				BuildIndependentTargetsInParallel = 1;
				LastSwiftUpdateCheck = 1420;
				LastUpgradeCheck = 1420;
				TargetAttributes = {
					AD38849A29B97B3D008C6677 = {
						CreatedOnToolsVersion = 14.2;
					};
					AD3884AA29B97B3F008C6677 = {
						CreatedOnToolsVersion = 14.2;
						TestTargetID = AD38849A29B97B3D008C6677;
					};
					AD3884B429B97B3F008C6677 = {
						CreatedOnToolsVersion = 14.2;
						TestTargetID = AD38849A29B97B3D008C6677;
					};
				};
			};
			buildConfigurationList = AD38849629B97B3D008C6677 /* Build configuration list for PBXProject "ExpenseManagement" */;
			compatibilityVersion = "Xcode 14.0";
			developmentRegion = en;
			hasScannedForEncodings = 0;
			knownRegions = (
				en,
				Base,
			);
			mainGroup = AD38849229B97B3D008C6677;
			productRefGroup = AD38849C29B97B3D008C6677 /* Products */;
			projectDirPath = "";
			projectRoot = "";
			targets = (
				AD38849A29B97B3D008C6677 /* ExpenseManagement */,
				AD3884AA29B97B3F008C6677 /* ExpenseManagementTests */,
				AD3884B429B97B3F008C6677 /* ExpenseManagementUITests */,
			);
		};
/* End PBXProject section */

/* Begin PBXResourcesBuildPhase section */
		AD38849929B97B3D008C6677 /* Resources */ = {
			isa = PBXResourcesBuildPhase;
			buildActionMask = 2147483647;
			files = (
				AD3884A629B97B3F008C6677 /* Preview Assets.xcassets in Resources */,
				AD3884A329B97B3F008C6677 /* Assets.xcassets in Resources */,
			);
			runOnlyForDeploymentPostprocessing = 0;
		};
		AD3884A929B97B3F008C6677 /* Resources */ = {
			isa = PBXResourcesBuildPhase;
			buildActionMask = 2147483647;
			files = (
			);
			runOnlyForDeploymentPostprocessing = 0;
		};
		AD3884B329B97B3F008C6677 /* Resources */ = {
			isa = PBXResourcesBuildPhase;
			buildActionMask = 2147483647;
			files = (
			);
			runOnlyForDeploymentPostprocessing = 0;
		};
/* End PBXResourcesBuildPhase section */

/* Begin PBXSourcesBuildPhase section */
		AD38849729B97B3D008C6677 /* Sources */ = {
			isa = PBXSourcesBuildPhase;
			buildActionMask = 2147483647;
			files = (
				AD3884CE29B97FF4008C6677 /* Expense.swift in Sources */,
				AD3884D429B9A2C4008C6677 /* FilteredDetailView.swift in Sources */,
				AD3884A129B97B3D008C6677 /* ContentView.swift in Sources */,
				AD06CFD129B9D2060045CC78 /* NewExpense.swift in Sources */,
				AD3884CC29B97F3A008C6677 /* Home.swift in Sources */,
				AD3884D029B98247008C6677 /* ExpenseViewModel.swift in Sources */,
				AD38849F29B97B3D008C6677 /* ExpenseManagementApp.swift in Sources */,
				ADF2BC6F29B9B11300AB5391 /* ExpenseCard.swift in Sources */,
				AD3884D229B99BA7008C6677 /* TransactionCardView.swift in Sources */,
			);
			runOnlyForDeploymentPostprocessing = 0;
		};
		AD3884A729B97B3F008C6677 /* Sources */ = {
			isa = PBXSourcesBuildPhase;
			buildActionMask = 2147483647;
			files = (
				AD3884B029B97B3F008C6677 /* ExpenseManagementTests.swift in Sources */,
			);
			runOnlyForDeploymentPostprocessing = 0;
		};
		AD3884B129B97B3F008C6677 /* Sources */ = {
			isa = PBXSourcesBuildPhase;
			buildActionMask = 2147483647;
			files = (
				AD3884BC29B97B3F008C6677 /* ExpenseManagementUITestsLaunchTests.swift in Sources */,
				AD3884BA29B97B3F008C6677 /* ExpenseManagementUITests.swift in Sources */,
			);
			runOnlyForDeploymentPostprocessing = 0;
		};
/* End PBXSourcesBuildPhase section */

/* Begin PBXTargetDependency section */
		AD3884AD29B97B3F008C6677 /* PBXTargetDependency */ = {
			isa = PBXTargetDependency;
			target = AD38849A29B97B3D008C6677 /* ExpenseManagement */;
			targetProxy = AD3884AC29B97B3F008C6677 /* PBXContainerItemProxy */;
		};
		AD3884B729B97B3F008C6677 /* PBXTargetDependency */ = {
			isa = PBXTargetDependency;
			target = AD38849A29B97B3D008C6677 /* ExpenseManagement */;
			targetProxy = AD3884B629B97B3F008C6677 /* PBXContainerItemProxy */;
		};
/* End PBXTargetDependency section */

/* Begin XCBuildConfiguration section */
		AD3884BD29B97B3F008C6677 /* Debug */ = {
			isa = XCBuildConfiguration;
			buildSettings = {
				ALWAYS_SEARCH_USER_PATHS = NO;
				CLANG_ANALYZER_NONNULL = YES;
				CLANG_ANALYZER_NUMBER_OBJECT_CONVERSION = YES_AGGRESSIVE;
				CLANG_CXX_LANGUAGE_STANDARD = "gnu++20";
				CLANG_ENABLE_MODULES = YES;
				CLANG_ENABLE_OBJC_ARC = YES;
				CLANG_ENABLE_OBJC_WEAK = YES;
				CLANG_WARN_BLOCK_CAPTURE_AUTORELEASING = YES;
				CLANG_WARN_BOOL_CONVERSION = YES;
				CLANG_WARN_COMMA = YES;
				CLANG_WARN_CONSTANT_CONVERSION = YES;
				CLANG_WARN_DEPRECATED_OBJC_IMPLEMENTATIONS = YES;
				CLANG_WARN_DIRECT_OBJC_ISA_USAGE = YES_ERROR;
				CLANG_WARN_DOCUMENTATION_COMMENTS = YES;
				CLANG_WARN_EMPTY_BODY = YES;
				CLANG_WARN_ENUM_CONVERSION = YES;
				CLANG_WARN_INFINITE_RECURSION = YES;
				CLANG_WARN_INT_CONVERSION = YES;
				CLANG_WARN_NON_LITERAL_NULL_CONVERSION = YES;
				CLANG_WARN_OBJC_IMPLICIT_RETAIN_SELF = YES;
				CLANG_WARN_OBJC_LITERAL_CONVERSION = YES;
				CLANG_WARN_OBJC_ROOT_CLASS = YES_ERROR;
				CLANG_WARN_QUOTED_INCLUDE_IN_FRAMEWORK_HEADER = YES;
				CLANG_WARN_RANGE_LOOP_ANALYSIS = YES;
				CLANG_WARN_STRICT_PROTOTYPES = YES;
				CLANG_WARN_SUSPICIOUS_MOVE = YES;
				CLANG_WARN_UNGUARDED_AVAILABILITY = YES_AGGRESSIVE;
				CLANG_WARN_UNREACHABLE_CODE = YES;
				CLANG_WARN__DUPLICATE_METHOD_MATCH = YES;
				COPY_PHASE_STRIP = NO;
				DEBUG_INFORMATION_FORMAT = dwarf;
				ENABLE_STRICT_OBJC_MSGSEND = YES;
				ENABLE_TESTABILITY = YES;
				GCC_C_LANGUAGE_STANDARD = gnu11;
				GCC_DYNAMIC_NO_PIC = NO;
				GCC_NO_COMMON_BLOCKS = YES;
				GCC_OPTIMIZATION_LEVEL = 0;
				GCC_PREPROCESSOR_DEFINITIONS = (
					"DEBUG=1",
					"$(inherited)",
				);
				GCC_WARN_64_TO_32_BIT_CONVERSION = YES;
				GCC_WARN_ABOUT_RETURN_TYPE = YES_ERROR;
				GCC_WARN_UNDECLARED_SELECTOR = YES;
				GCC_WARN_UNINITIALIZED_AUTOS = YES_AGGRESSIVE;
				GCC_WARN_UNUSED_FUNCTION = YES;
				GCC_WARN_UNUSED_VARIABLE = YES;
				IPHONEOS_DEPLOYMENT_TARGET = 16.2;
				MTL_ENABLE_DEBUG_INFO = INCLUDE_SOURCE;
				MTL_FAST_MATH = YES;
				ONLY_ACTIVE_ARCH = YES;
				SDKROOT = iphoneos;
				SWIFT_ACTIVE_COMPILATION_CONDITIONS = DEBUG;
				SWIFT_OPTIMIZATION_LEVEL = "-Onone";
			};
			name = Debug;
		};
		AD3884BE29B97B3F008C6677 /* Release */ = {
			isa = XCBuildConfiguration;
			buildSettings = {
				ALWAYS_SEARCH_USER_PATHS = NO;
				CLANG_ANALYZER_NONNULL = YES;
				CLANG_ANALYZER_NUMBER_OBJECT_CONVERSION = YES_AGGRESSIVE;
				CLANG_CXX_LANGUAGE_STANDARD = "gnu++20";
				CLANG_ENABLE_MODULES = YES;
				CLANG_ENABLE_OBJC_ARC = YES;
				CLANG_ENABLE_OBJC_WEAK = YES;
				CLANG_WARN_BLOCK_CAPTURE_AUTORELEASING = YES;
				CLANG_WARN_BOOL_CONVERSION = YES;
				CLANG_WARN_COMMA = YES;
				CLANG_WARN_CONSTANT_CONVERSION = YES;
				CLANG_WARN_DEPRECATED_OBJC_IMPLEMENTATIONS = YES;
				CLANG_WARN_DIRECT_OBJC_ISA_USAGE = YES_ERROR;
				CLANG_WARN_DOCUMENTATION_COMMENTS = YES;
				CLANG_WARN_EMPTY_BODY = YES;
				CLANG_WARN_ENUM_CONVERSION = YES;
				CLANG_WARN_INFINITE_RECURSION = YES;
				CLANG_WARN_INT_CONVERSION = YES;
				CLANG_WARN_NON_LITERAL_NULL_CONVERSION = YES;
				CLANG_WARN_OBJC_IMPLICIT_RETAIN_SELF = YES;
				CLANG_WARN_OBJC_LITERAL_CONVERSION = YES;
				CLANG_WARN_OBJC_ROOT_CLASS = YES_ERROR;
				CLANG_WARN_QUOTED_INCLUDE_IN_FRAMEWORK_HEADER = YES;
				CLANG_WARN_RANGE_LOOP_ANALYSIS = YES;
				CLANG_WARN_STRICT_PROTOTYPES = YES;
				CLANG_WARN_SUSPICIOUS_MOVE = YES;
				CLANG_WARN_UNGUARDED_AVAILABILITY = YES_AGGRESSIVE;
				CLANG_WARN_UNREACHABLE_CODE = YES;
				CLANG_WARN__DUPLICATE_METHOD_MATCH = YES;
				COPY_PHASE_STRIP = NO;
				DEBUG_INFORMATION_FORMAT = "dwarf-with-dsym";
				ENABLE_NS_ASSERTIONS = NO;
				ENABLE_STRICT_OBJC_MSGSEND = YES;
				GCC_C_LANGUAGE_STANDARD = gnu11;
				GCC_NO_COMMON_BLOCKS = YES;
				GCC_WARN_64_TO_32_BIT_CONVERSION = YES;
				GCC_WARN_ABOUT_RETURN_TYPE = YES_ERROR;
				GCC_WARN_UNDECLARED_SELECTOR = YES;
				GCC_WARN_UNINITIALIZED_AUTOS = YES_AGGRESSIVE;
				GCC_WARN_UNUSED_FUNCTION = YES;
				GCC_WARN_UNUSED_VARIABLE = YES;
				IPHONEOS_DEPLOYMENT_TARGET = 16.2;
				MTL_ENABLE_DEBUG_INFO = NO;
				MTL_FAST_MATH = YES;
				SDKROOT = iphoneos;
				SWIFT_COMPILATION_MODE = wholemodule;
				SWIFT_OPTIMIZATION_LEVEL = "-O";
				VALIDATE_PRODUCT = YES;
			};
			name = Release;
		};
		AD3884C029B97B3F008C6677 /* Debug */ = {
			isa = XCBuildConfiguration;
			buildSettings = {
				ASSETCATALOG_COMPILER_APPICON_NAME = AppIcon;
				ASSETCATALOG_COMPILER_GLOBAL_ACCENT_COLOR_NAME = AccentColor;
				CODE_SIGN_STYLE = Automatic;
				CURRENT_PROJECT_VERSION = 1;
				DEVELOPMENT_ASSET_PATHS = "\"ExpenseManagement/Preview Content\"";
				ENABLE_PREVIEWS = YES;
				GENERATE_INFOPLIST_FILE = YES;
				INFOPLIST_KEY_UIApplicationSceneManifest_Generation = YES;
				INFOPLIST_KEY_UIApplicationSupportsIndirectInputEvents = YES;
				INFOPLIST_KEY_UILaunchScreen_Generation = YES;
				INFOPLIST_KEY_UISupportedInterfaceOrientations_iPad = "UIInterfaceOrientationPortrait UIInterfaceOrientationPortraitUpsideDown UIInterfaceOrientationLandscapeLeft UIInterfaceOrientationLandscapeRight";
				INFOPLIST_KEY_UISupportedInterfaceOrientations_iPhone = "UIInterfaceOrientationPortrait UIInterfaceOrientationLandscapeLeft UIInterfaceOrientationLandscapeRight";
				LD_RUNPATH_SEARCH_PATHS = (
					"$(inherited)",
					"@executable_path/Frameworks",
				);
				MARKETING_VERSION = 1.0;
				PRODUCT_BUNDLE_IDENTIFIER = com.khuongviettai.ExpenseManagement;
				PRODUCT_NAME = "$(TARGET_NAME)";
				SWIFT_EMIT_LOC_STRINGS = YES;
				SWIFT_VERSION = 5.0;
				TARGETED_DEVICE_FAMILY = "1,2";
			};
			name = Debug;
		};
		AD3884C129B97B3F008C6677 /* Release */ = {
			isa = XCBuildConfiguration;
			buildSettings = {
				ASSETCATALOG_COMPILER_APPICON_NAME = AppIcon;
				ASSETCATALOG_COMPILER_GLOBAL_ACCENT_COLOR_NAME = AccentColor;
				CODE_SIGN_STYLE = Automatic;
				CURRENT_PROJECT_VERSION = 1;
				DEVELOPMENT_ASSET_PATHS = "\"ExpenseManagement/Preview Content\"";
				ENABLE_PREVIEWS = YES;
				GENERATE_INFOPLIST_FILE = YES;
				INFOPLIST_KEY_UIApplicationSceneManifest_Generation = YES;
				INFOPLIST_KEY_UIApplicationSupportsIndirectInputEvents = YES;
				INFOPLIST_KEY_UILaunchScreen_Generation = YES;
				INFOPLIST_KEY_UISupportedInterfaceOrientations_iPad = "UIInterfaceOrientationPortrait UIInterfaceOrientationPortraitUpsideDown UIInterfaceOrientationLandscapeLeft UIInterfaceOrientationLandscapeRight";
				INFOPLIST_KEY_UISupportedInterfaceOrientations_iPhone = "UIInterfaceOrientationPortrait UIInterfaceOrientationLandscapeLeft UIInterfaceOrientationLandscapeRight";
				LD_RUNPATH_SEARCH_PATHS = (
					"$(inherited)",
					"@executable_path/Frameworks",
				);
				MARKETING_VERSION = 1.0;
				PRODUCT_BUNDLE_IDENTIFIER = com.khuongviettai.ExpenseManagement;
				PRODUCT_NAME = "$(TARGET_NAME)";
				SWIFT_EMIT_LOC_STRINGS = YES;
				SWIFT_VERSION = 5.0;
				TARGETED_DEVICE_FAMILY = "1,2";
			};
			name = Release;
		};
		AD3884C329B97B3F008C6677 /* Debug */ = {
			isa = XCBuildConfiguration;
			buildSettings = {
				ALWAYS_EMBED_SWIFT_STANDARD_LIBRARIES = YES;
				BUNDLE_LOADER = "$(TEST_HOST)";
				CODE_SIGN_STYLE = Automatic;
				CURRENT_PROJECT_VERSION = 1;
				GENERATE_INFOPLIST_FILE = YES;
				IPHONEOS_DEPLOYMENT_TARGET = 16.2;
				MARKETING_VERSION = 1.0;
				PRODUCT_BUNDLE_IDENTIFIER = com.khuongviettai.ExpenseManagementTests;
				PRODUCT_NAME = "$(TARGET_NAME)";
				SWIFT_EMIT_LOC_STRINGS = NO;
				SWIFT_VERSION = 5.0;
				TARGETED_DEVICE_FAMILY = "1,2";
				TEST_HOST = "$(BUILT_PRODUCTS_DIR)/ExpenseManagement.app/$(BUNDLE_EXECUTABLE_FOLDER_PATH)/ExpenseManagement";
			};
			name = Debug;
		};
		AD3884C429B97B3F008C6677 /* Release */ = {
			isa = XCBuildConfiguration;
			buildSettings = {
				ALWAYS_EMBED_SWIFT_STANDARD_LIBRARIES = YES;
				BUNDLE_LOADER = "$(TEST_HOST)";
				CODE_SIGN_STYLE = Automatic;
				CURRENT_PROJECT_VERSION = 1;
				GENERATE_INFOPLIST_FILE = YES;
				IPHONEOS_DEPLOYMENT_TARGET = 16.2;
				MARKETING_VERSION = 1.0;
				PRODUCT_BUNDLE_IDENTIFIER = com.khuongviettai.ExpenseManagementTests;
				PRODUCT_NAME = "$(TARGET_NAME)";
				SWIFT_EMIT_LOC_STRINGS = NO;
				SWIFT_VERSION = 5.0;
				TARGETED_DEVICE_FAMILY = "1,2";
				TEST_HOST = "$(BUILT_PRODUCTS_DIR)/ExpenseManagement.app/$(BUNDLE_EXECUTABLE_FOLDER_PATH)/ExpenseManagement";
			};
			name = Release;
		};
		AD3884C629B97B3F008C6677 /* Debug */ = {
			isa = XCBuildConfiguration;
			buildSettings = {
				ALWAYS_EMBED_SWIFT_STANDARD_LIBRARIES = YES;
				CODE_SIGN_STYLE = Automatic;
				CURRENT_PROJECT_VERSION = 1;
				GENERATE_INFOPLIST_FILE = YES;
				MARKETING_VERSION = 1.0;
				PRODUCT_BUNDLE_IDENTIFIER = com.khuongviettai.ExpenseManagementUITests;
				PRODUCT_NAME = "$(TARGET_NAME)";
				SWIFT_EMIT_LOC_STRINGS = NO;
				SWIFT_VERSION = 5.0;
				TARGETED_DEVICE_FAMILY = "1,2";
				TEST_TARGET_NAME = ExpenseManagement;
			};
			name = Debug;
		};
		AD3884C729B97B3F008C6677 /* Release */ = {
			isa = XCBuildConfiguration;
			buildSettings = {
				ALWAYS_EMBED_SWIFT_STANDARD_LIBRARIES = YES;
				CODE_SIGN_STYLE = Automatic;
				CURRENT_PROJECT_VERSION = 1;
				GENERATE_INFOPLIST_FILE = YES;
				MARKETING_VERSION = 1.0;
				PRODUCT_BUNDLE_IDENTIFIER = com.khuongviettai.ExpenseManagementUITests;
				PRODUCT_NAME = "$(TARGET_NAME)";
				SWIFT_EMIT_LOC_STRINGS = NO;
				SWIFT_VERSION = 5.0;
				TARGETED_DEVICE_FAMILY = "1,2";
				TEST_TARGET_NAME = ExpenseManagement;
			};
			name = Release;
		};
/* End XCBuildConfiguration section */

/* Begin XCConfigurationList section */
		AD38849629B97B3D008C6677 /* Build configuration list for PBXProject "ExpenseManagement" */ = {
			isa = XCConfigurationList;
			buildConfigurations = (
				AD3884BD29B97B3F008C6677 /* Debug */,
				AD3884BE29B97B3F008C6677 /* Release */,
			);
			defaultConfigurationIsVisible = 0;
			defaultConfigurationName = Release;
		};
		AD3884BF29B97B3F008C6677 /* Build configuration list for PBXNativeTarget "ExpenseManagement" */ = {
			isa = XCConfigurationList;
			buildConfigurations = (
				AD3884C029B97B3F008C6677 /* Debug */,
				AD3884C129B97B3F008C6677 /* Release */,
			);
			defaultConfigurationIsVisible = 0;
			defaultConfigurationName = Release;
		};
		AD3884C229B97B3F008C6677 /* Build configuration list for PBXNativeTarget "ExpenseManagementTests" */ = {
			isa = XCConfigurationList;
			buildConfigurations = (
				AD3884C329B97B3F008C6677 /* Debug */,
				AD3884C429B97B3F008C6677 /* Release */,
			);
			defaultConfigurationIsVisible = 0;
			defaultConfigurationName = Release;
		};
		AD3884C529B97B3F008C6677 /* Build configuration list for PBXNativeTarget "ExpenseManagementUITests" */ = {
			isa = XCConfigurationList;
			buildConfigurations = (
				AD3884C629B97B3F008C6677 /* Debug */,
				AD3884C729B97B3F008C6677 /* Release */,
			);
			defaultConfigurationIsVisible = 0;
			defaultConfigurationName = Release;
		};
/* End XCConfigurationList section */
	};
	rootObject = AD38849329B97B3D008C6677 /* Project object */;
}
